
Microsoft Visual Studio Solution File, Format Version 12.00
# Visual Studio Version 17
VisualStudioVersion = 17.5.002.0
MinimumVisualStudioVersion = 10.0.40219.1
Project("{9A19103F-16F7-4668-BE54-9A1E7A4F7556}") = "statiq-cleanblog-demo", "statiq-cleanblog-demo\statiq-cleanblog-demo.csproj", "{DB805B72-8FA0-4F98-8564-A9F6402A212C}"
EndProject
Global
	GlobalSection(SolutionConfigurationPlatforms) = preSolution
		Debug|Any CPU = Debug|Any CPU
		Release|Any CPU = Release|Any CPU
	EndGlobalSection
	GlobalSection(ProjectConfigurationPlatforms) = postSolution
		{DB805B72-8FA0-4F98-8564-A9F6402A212C}.Debug|Any CPU.ActiveCfg = Debug|Any CPU
		{DB805B72-8FA0-4F98-8564-A9F6402A212C}.Debug|Any CPU.Build.0 = Debug|Any CPU
		{DB805B72-8FA0-4F98-8564-A9F6402A212C}.Release|Any CPU.ActiveCfg = Release|Any CPU
		{DB805B72-8FA0-4F98-8564-A9F6402A212C}.Release|Any CPU.Build.0 = Release|Any CPU
	EndGlobalSection
	GlobalSection(SolutionProperties) = preSolution
		HideSolutionNode = FALSE
	EndGlobalSection
	GlobalSection(ExtensibilityGlobals) = postSolution
		SolutionGuid = {017919BD-7268-422B-BC5E-31AE2477F260}
	EndGlobalSection
EndGlobal
